
Microsoft Visual Studio Solution File, Format Version 12.00
# Visual Studio 15
VisualStudioVersion = 15.0.26403.7
MinimumVisualStudioVersion = 10.0.40219.1
Project("{FAE04EC0-301F-11D3-BF4B-00C04F79EFBC}") = "CopyDirectory", "CopyDirectory\CopyDirectory.csproj", "{4ECE5CEC-3AC9-4E8E-AA43-C4DDA81E28BC}"
EndProject
Project("{FAE04EC0-301F-11D3-BF4B-00C04F79EFBC}") = "CopyDirectory.Core", "CopyDirectory.Core\CopyDirectory.Core.csproj", "{B8D894FC-E220-44D0-BCF1-61FC8A282412}"
EndProject
Global
	GlobalSection(SolutionConfigurationPlatforms) = preSolution
		Debug|Any CPU = Debug|Any CPU
		Release|Any CPU = Release|Any CPU
	EndGlobalSection
	GlobalSection(ProjectConfigurationPlatforms) = postSolution
		{4ECE5CEC-3AC9-4E8E-AA43-C4DDA81E28BC}.Debug|Any CPU.ActiveCfg = Debug|Any CPU
		{4ECE5CEC-3AC9-4E8E-AA43-C4DDA81E28BC}.Debug|Any CPU.Build.0 = Debug|Any CPU
		{4ECE5CEC-3AC9-4E8E-AA43-C4DDA81E28BC}.Release|Any CPU.ActiveCfg = Release|Any CPU
		{4ECE5CEC-3AC9-4E8E-AA43-C4DDA81E28BC}.Release|Any CPU.Build.0 = Release|Any CPU
		{B8D894FC-E220-44D0-BCF1-61FC8A282412}.Debug|Any CPU.ActiveCfg = Debug|Any CPU
		{B8D894FC-E220-44D0-BCF1-61FC8A282412}.Debug|Any CPU.Build.0 = Debug|Any CPU
		{B8D894FC-E220-44D0-BCF1-61FC8A282412}.Release|Any CPU.ActiveCfg = Release|Any CPU
		{B8D894FC-E220-44D0-BCF1-61FC8A282412}.Release|Any CPU.Build.0 = Release|Any CPU
	EndGlobalSection
	GlobalSection(SolutionProperties) = preSolution
		HideSolutionNode = FALSE
	EndGlobalSection
EndGlobal
